
Microsoft Visual Studio Solution File, Format Version 12.00
# Visual Studio Version 17
VisualStudioVersion = 17.7.34031.279
MinimumVisualStudioVersion = 10.0.40219.1
Project("{F2A71F9B-5D33-465A-A702-920D77279786}") = "CO561 CW1", "CO561 CW1.fsproj", "{F6BD185C-BDA4-4B95-B704-BF4AF3E3D7FD}"
EndProject
Global
	GlobalSection(SolutionConfigurationPlatforms) = preSolution
		Debug|Any CPU = Debug|Any CPU
		Release|Any CPU = Release|Any CPU
	EndGlobalSection
	GlobalSection(ProjectConfigurationPlatforms) = postSolution
		{F6BD185C-BDA4-4B95-B704-BF4AF3E3D7FD}.Debug|Any CPU.ActiveCfg = Debug|Any CPU
		{F6BD185C-BDA4-4B95-B704-BF4AF3E3D7FD}.Debug|Any CPU.Build.0 = Debug|Any CPU
		{F6BD185C-BDA4-4B95-B704-BF4AF3E3D7FD}.Release|Any CPU.ActiveCfg = Release|Any CPU
		{F6BD185C-BDA4-4B95-B704-BF4AF3E3D7FD}.Release|Any CPU.Build.0 = Release|Any CPU
	EndGlobalSection
	GlobalSection(SolutionProperties) = preSolution
		HideSolutionNode = FALSE
	EndGlobalSection
	GlobalSection(ExtensibilityGlobals) = postSolution
		SolutionGuid = {20E48AF9-5306-4E3E-8789-DC9D2B70146E}
	EndGlobalSection
EndGlobal
